// !$*UTF8*$!
{
	archiveVersion = 1;
	classes = {
	};
	objectVersion = 46;
	objects = {

/* Begin PBXBuildFile section */
		0555B2251BCF308F00705A61 /* main.m in Sources */ = {isa = PBXBuildFile; fileRef = 0555B2241BCF308F00705A61 /* main.m */; };
		0555B2281BCF308F00705A61 /* AppDelegate.m in Sources */ = {isa = PBXBuildFile; fileRef = 0555B2271BCF308F00705A61 /* AppDelegate.m */; };
		0555B22B1BCF308F00705A61 /* ViewController.m in Sources */ = {isa = PBXBuildFile; fileRef = 0555B22A1BCF308F00705A61 /* ViewController.m */; };
		0555B22E1BCF308F00705A61 /* Main.storyboard in Resources */ = {isa = PBXBuildFile; fileRef = 0555B22C1BCF308F00705A61 /* Main.storyboard */; };
		0555B2301BCF309000705A61 /* Assets.xcassets in Resources */ = {isa = PBXBuildFile; fileRef = 0555B22F1BCF309000705A61 /* Assets.xcassets */; };
		0555B2331BCF309000705A61 /* LaunchScreen.storyboard in Resources */ = {isa = PBXBuildFile; fileRef = 0555B2311BCF309000705A61 /* LaunchScreen.storyboard */; };
/* End PBXBuildFile section */

/* Begin PBXFileReference section */
		0555B2201BCF308F00705A61 /* test.app */ = {isa = PBXFileReference; explicitFileType = wrapper.application; includeInIndex = 0; path = test.app; sourceTree = BUILT_PRODUCTS_DIR; };
		0555B2241BCF308F00705A61 /* main.m */ = {isa = PBXFileReference; lastKnownFileType = sourcecode.c.objc; path = main.m; sourceTree = "<group>"; };
		0555B2261BCF308F00705A61 /* AppDelegate.h */ = {isa = PBXFileReference; lastKnownFileType = sourcecode.c.h; path = AppDelegate.h; sourceTree = "<group>"; };
		0555B2271BCF308F00705A61 /* AppDelegate.m */ = {isa = PBXFileReference; lastKnownFileType = sourcecode.c.objc; path = AppDelegate.m; sourceTree = "<group>"; };
		0555B2291BCF308F00705A61 /* ViewController.h */ = {isa = PBXFileReference; lastKnownFileType = sourcecode.c.h; path = ViewController.h; sourceTree = "<group>"; };
		0555B22A1BCF308F00705A61 /* ViewController.m */ = {isa = PBXFileReference; lastKnownFileType = sourcecode.c.objc; path = ViewController.m; sourceTree = "<group>"; };
		0555B22D1BCF308F00705A61 /* Base */ = {isa = PBXFileReference; lastKnownFileType = file.storyboard; name = Base; path = Base.lproj/Main.storyboard; sourceTree = "<group>"; };
		0555B22F1BCF309000705A61 /* Assets.xcassets */ = {isa = PBXFileReference; lastKnownFileType = folder.assetcatalog; path = Assets.xcassets; sourceTree = "<group>"; };
		0555B2321BCF309000705A61 /* Base */ = {isa = PBXFileReference; lastKnownFileType = file.storyboard; name = Base; path = Base.lproj/LaunchScreen.storyboard; sourceTree = "<group>"; };
		0555B2341BCF309000705A61 /* Info.plist */ = {isa = PBXFileReference; lastKnownFileType = text.plist.xml; path = Info.plist; sourceTree = "<group>"; };
/* End PBXFileReference section */

/* Begin PBXFrameworksBuildPhase section */
		0555B21D1BCF308E00705A61 /* Frameworks */ = {
			isa = PBXFrameworksBuildPhase;
			buildActionMask = 2147483647;
			files = (
			);
			runOnlyForDeploymentPostprocessing = 0;
		};
/* End PBXFrameworksBuildPhase section */

/* Begin PBXGroup section */
		0555B2171BCF308E00705A61 = {
			isa = PBXGroup;
			children = (
				0555B2221BCF308F00705A61 /* test */,
				0555B2211BCF308F00705A61 /* Products */,
			);
			sourceTree = "<group>";
		};
		0555B2211BCF308F00705A61 /* Products */ = {
			isa = PBXGroup;
			children = (
				0555B2201BCF308F00705A61 /* test.app */,
			);
			name = Products;
			sourceTree = "<group>";
		};
		0555B2221BCF308F00705A61 /* test */ = {
			isa = PBXGroup;
			children = (
				0555B2261BCF308F00705A61 /* AppDelegate.h */,
				0555B2271BCF308F00705A61 /* AppDelegate.m */,
				0555B2291BCF308F00705A61 /* ViewController.h */,
				0555B22A1BCF308F00705A61 /* ViewController.m */,
				0555B22C1BCF308F00705A61 /* Main.storyboard */,
				0555B22F1BCF309000705A61 /* Assets.xcassets */,
				0555B2311BCF309000705A61 /* LaunchScreen.storyboard */,
				0555B2341BCF309000705A61 /* Info.plist */,
				0555B2231BCF308F00705A61 /* Supporting Files */,
			);
			path = test;
			sourceTree = "<group>";
		};
		0555B2231BCF308F00705A61 /* Supporting Files */ = {
			isa = PBXGroup;
			children = (
				0555B2241BCF308F00705A61 /* main.m */,
			);
			name = "Supporting Files";
			sourceTree = "<group>";
		};
/* End PBXGroup section */

/* Begin PBXNativeTarget section */
		0555B21F1BCF308E00705A61 /* test */ = {
			isa = PBXNativeTarget;
			buildConfigurationList = 0555B2371BCF309000705A61 /* Build configuration list for PBXNativeTarget "test" */;
			buildPhases = (
				0555B21C1BCF308E00705A61 /* Sources */,
				0555B21D1BCF308E00705A61 /* Frameworks */,
				0555B21E1BCF308E00705A61 /* Resources */,
			);
			buildRules = (
			);
			dependencies = (
			);
			name = test;
			productName = test;
			productReference = 0555B2201BCF308F00705A61 /* test.app */;
			productType = "com.apple.product-type.application";
		};
/* End PBXNativeTarget section */

/* Begin PBXProject section */
		0555B2181BCF308E00705A61 /* Project object */ = {
			isa = PBXProject;
			attributes = {
				CLASSPREFIX = FuMi;
				LastUpgradeCheck = 0700;
				ORGANIZATIONNAME = FuMi;
				TargetAttributes = {
					0555B21F1BCF308E00705A61 = {
						CreatedOnToolsVersion = 7.0;
					};
				};
			};
			buildConfigurationList = 0555B21B1BCF308E00705A61 /* Build configuration list for PBXProject "test" */;
			compatibilityVersion = "Xcode 3.2";
			developmentRegion = English;
			hasScannedForEncodings = 0;
			knownRegions = (
				en,
				Base,
			);
			mainGroup = 0555B2171BCF308E00705A61;
			productRefGroup = 0555B2211BCF308F00705A61 /* Products */;
			projectDirPath = "";
			projectRoot = "";
			targets = (
				0555B21F1BCF308E00705A61 /* test */,
			);
		};
/* End PBXProject section */

/* Begin PBXResourcesBuildPhase section */
		0555B21E1BCF308E00705A61 /* Resources */ = {
			isa = PBXResourcesBuildPhase;
			buildActionMask = 2147483647;
			files = (
				0555B2331BCF309000705A61 /* LaunchScreen.storyboard in Resources */,
				0555B2301BCF309000705A61 /* Assets.xcassets in Resources */,
				0555B22E1BCF308F00705A61 /* Main.storyboard in Resources */,
			);
			runOnlyForDeploymentPostprocessing = 0;
		};
/* End PBXResourcesBuildPhase section */

/* Begin PBXSourcesBuildPhase section */
		0555B21C1BCF308E00705A61 /* Sources */ = {
			isa = PBXSourcesBuildPhase;
			buildActionMask = 2147483647;
			files = (
				0555B22B1BCF308F00705A61 /* ViewController.m in Sources */,
				0555B2281BCF308F00705A61 /* AppDelegate.m in Sources */,
				0555B2251BCF308F00705A61 /* main.m in Sources */,
			);
			runOnlyForDeploymentPostprocessing = 0;
		};
/* End PBXSourcesBuildPhase section */

/* Begin PBXVariantGroup section */
		0555B22C1BCF308F00705A61 /* Main.storyboard */ = {
			isa = PBXVariantGroup;
			children = (
				0555B22D1BCF308F00705A61 /* Base */,
			);
			name = Main.storyboard;
			sourceTree = "<group>";
		};
		0555B2311BCF309000705A61 /* LaunchScreen.storyboard */ = {
			isa = PBXVariantGroup;
			children = (
				0555B2321BCF309000705A61 /* Base */,
			);
			name = LaunchScreen.storyboard;
			sourceTree = "<group>";
		};
/* End PBXVariantGroup section */

/* Begin XCBuildConfiguration section */
		0555B2351BCF309000705A61 /* Debug */ = {
			isa = XCBuildConfiguration;
			buildSettings = {
				ALWAYS_SEARCH_USER_PATHS = NO;
				CLANG_CXX_LANGUAGE_STANDARD = "gnu++0x";
				CLANG_CXX_LIBRARY = "libc++";
				CLANG_ENABLE_MODULES = YES;
				CLANG_ENABLE_OBJC_ARC = YES;
				CLANG_WARN_BOOL_CONVERSION = YES;
				CLANG_WARN_CONSTANT_CONVERSION = YES;
				CLANG_WARN_DIRECT_OBJC_ISA_USAGE = YES_ERROR;
				CLANG_WARN_EMPTY_BODY = YES;
				CLANG_WARN_ENUM_CONVERSION = YES;
				CLANG_WARN_INT_CONVERSION = YES;
				CLANG_WARN_OBJC_ROOT_CLASS = YES_ERROR;
				CLANG_WARN_UNREACHABLE_CODE = YES;
				CLANG_WARN__DUPLICATE_METHOD_MATCH = YES;
				"CODE_SIGN_IDENTITY[sdk=iphoneos*]" = "iPhone Developer";
				COPY_PHASE_STRIP = NO;
				DEBUG_INFORMATION_FORMAT = dwarf;
				ENABLE_STRICT_OBJC_MSGSEND = YES;
				ENABLE_TESTABILITY = YES;
				GCC_C_LANGUAGE_STANDARD = gnu99;
				GCC_DYNAMIC_NO_PIC = NO;
				GCC_NO_COMMON_BLOCKS = YES;
				GCC_OPTIMIZATION_LEVEL = 0;
				GCC_PREPROCESSOR_DEFINITIONS = (
					"DEBUG=1",
					"$(inherited)",
				);
				GCC_WARN_64_TO_32_BIT_CONVERSION = YES;
				GCC_WARN_ABOUT_RETURN_TYPE = YES_ERROR;
				GCC_WARN_UNDECLARED_SELECTOR = YES;
				GCC_WARN_UNINITIALIZED_AUTOS = YES_AGGRESSIVE;
				GCC_WARN_UNUSED_FUNCTION = YES;
				GCC_WARN_UNUSED_VARIABLE = YES;
				IPHONEOS_DEPLOYMENT_TARGET = 9.0;
				MTL_ENABLE_DEBUG_INFO = YES;
				ONLY_ACTIVE_ARCH = YES;
				SDKROOT = iphoneos;
			};
			name = Debug;
		};
		0555B2361BCF309000705A61 /* Release */ = {
			isa = XCBuildConfiguration;
			buildSettings = {
				ALWAYS_SEARCH_USER_PATHS = NO;
				CLANG_CXX_LANGUAGE_STANDARD = "gnu++0x";
				CLANG_CXX_LIBRARY = "libc++";
				CLANG_ENABLE_MODULES = YES;
				CLANG_ENABLE_OBJC_ARC = YES;
				CLANG_WARN_BOOL_CONVERSION = YES;
				CLANG_WARN_CONSTANT_CONVERSION = YES;
				CLANG_WARN_DIRECT_OBJC_ISA_USAGE = YES_ERROR;
				CLANG_WARN_EMPTY_BODY = YES;
				CLANG_WARN_ENUM_CONVERSION = YES;
				CLANG_WARN_INT_CONVERSION = YES;
				CLANG_WARN_OBJC_ROOT_CLASS = YES_ERROR;
				CLANG_WARN_UNREACHABLE_CODE = YES;
				CLANG_WARN__DUPLICATE_METHOD_MATCH = YES;
				"CODE_SIGN_IDENTITY[sdk=iphoneos*]" = "iPhone Developer";
				COPY_PHASE_STRIP = NO;
				DEBUG_INFORMATION_FORMAT = "dwarf-with-dsym";
				ENABLE_NS_ASSERTIONS = NO;
				ENABLE_STRICT_OBJC_MSGSEND = YES;
				GCC_C_LANGUAGE_STANDARD = gnu99;
				GCC_NO_COMMON_BLOCKS = YES;
				GCC_WARN_64_TO_32_BIT_CONVERSION = YES;
				GCC_WARN_ABOUT_RETURN_TYPE = YES_ERROR;
				GCC_WARN_UNDECLARED_SELECTOR = YES;
				GCC_WARN_UNINITIALIZED_AUTOS = YES_AGGRESSIVE;
				GCC_WARN_UNUSED_FUNCTION = YES;
				GCC_WARN_UNUSED_VARIABLE = YES;
				IPHONEOS_DEPLOYMENT_TARGET = 9.0;
				MTL_ENABLE_DEBUG_INFO = NO;
				SDKROOT = iphoneos;
				VALIDATE_PRODUCT = YES;
			};
			name = Release;
		};
		0555B2381BCF309000705A61 /* Debug */ = {
			isa = XCBuildConfiguration;
			buildSettings = {
				ASSETCATALOG_COMPILER_APPICON_NAME = AppIcon;
				CODE_SIGN_IDENTITY = "";
				INFOPLIST_FILE = test/Info.plist;
				LD_RUNPATH_SEARCH_PATHS = "$(inherited) @executable_path/Frameworks";
				PRODUCT_BUNDLE_IDENTIFIER = com.FuMi.test;
				PRODUCT_NAME = "$(TARGET_NAME)";
			};
			name = Debug;
		};
		0555B2391BCF309000705A61 /* Release */ = {
			isa = XCBuildConfiguration;
			buildSettings = {
				ASSETCATALOG_COMPILER_APPICON_NAME = AppIcon;
				CODE_SIGN_IDENTITY = "";
				INFOPLIST_FILE = test/Info.plist;
				LD_RUNPATH_SEARCH_PATHS = "$(inherited) @executable_path/Frameworks";
				PRODUCT_BUNDLE_IDENTIFIER = com.FuMi.test;
				PRODUCT_NAME = "$(TARGET_NAME)";
			};
			name = Release;
		};
/* End XCBuildConfiguration section */

/* Begin XCConfigurationList section */
		0555B21B1BCF308E00705A61 /* Build configuration list for PBXProject "test" */ = {
			isa = XCConfigurationList;
			buildConfigurations = (
				0555B2351BCF309000705A61 /* Debug */,
				0555B2361BCF309000705A61 /* Release */,
			);
			defaultConfigurationIsVisible = 0;
			defaultConfigurationName = Release;
		};
		0555B2371BCF309000705A61 /* Build configuration list for PBXNativeTarget "test" */ = {
			isa = XCConfigurationList;
			buildConfigurations = (
				0555B2381BCF309000705A61 /* Debug */,
				0555B2391BCF309000705A61 /* Release */,
			);
			defaultConfigurationIsVisible = 0;
			defaultConfigurationName = Release;
		};
/* End XCConfigurationList section */
	};
	rootObject = 0555B2181BCF308E00705A61 /* Project object */;
}
